// !$*UTF8*$!
{
	archiveVersion = 1;
	classes = {
	};
	objectVersion = 46;
	objects = {

/* Begin PBXBuildFile section */
		4C10381F1CAEEBDC0009077B /* WJFTrendingGif.m in Sources */ = {isa = PBXBuildFile; fileRef = 4C10381E1CAEEBDC0009077B /* WJFTrendingGif.m */; };
		4C1038221CAEEEC50009077B /* WJFRandomGif.m in Sources */ = {isa = PBXBuildFile; fileRef = 4C1038211CAEEEC50009077B /* WJFRandomGif.m */; };
		4C1532CC1C8E0079001FFC61 /* WJFTranslationGifViewController.m in Sources */ = {isa = PBXBuildFile; fileRef = 4C1532CB1C8E0079001FFC61 /* WJFTranslationGifViewController.m */; };
		4C1532CF1C8E2F06001FFC61 /* WJFFavoriteGifCollectionViewCell.m in Sources */ = {isa = PBXBuildFile; fileRef = 4C1532CE1C8E2F06001FFC61 /* WJFFavoriteGifCollectionViewCell.m */; };
		4C1532DF1C8F5661001FFC61 /* WJFGifRealm.m in Sources */ = {isa = PBXBuildFile; fileRef = 4C1532DC1C8F5661001FFC61 /* WJFGifRealm.m */; };
		4C1532E01C8F5661001FFC61 /* WJFGifSeenRealm.m in Sources */ = {isa = PBXBuildFile; fileRef = 4C1532DE1C8F5661001FFC61 /* WJFGifSeenRealm.m */; };
		4C1532FB1C8F5A4F001FFC61 /* MMNavigationController.m in Sources */ = {isa = PBXBuildFile; fileRef = 4C1532ED1C8F5A4F001FFC61 /* MMNavigationController.m */; };
		4C1532FC1C8F5A4F001FFC61 /* MMSideDrawerSectionHeaderView.m in Sources */ = {isa = PBXBuildFile; fileRef = 4C1532EF1C8F5A4F001FFC61 /* MMSideDrawerSectionHeaderView.m */; };
		4C1532FD1C8F5A4F001FFC61 /* MMSideDrawerTableViewCell.m in Sources */ = {isa = PBXBuildFile; fileRef = 4C1532F11C8F5A4F001FFC61 /* MMSideDrawerTableViewCell.m */; };
		4C1532FE1C8F5A4F001FFC61 /* MMTableViewCell.m in Sources */ = {isa = PBXBuildFile; fileRef = 4C1532F31C8F5A4F001FFC61 /* MMTableViewCell.m */; };
		4C1533001C8F5A4F001FFC61 /* WJFSideDrawerViewController.m in Sources */ = {isa = PBXBuildFile; fileRef = 4C1532F71C8F5A4F001FFC61 /* WJFSideDrawerViewController.m */; };
		4C1533011C8F5A4F001FFC61 /* WJFDrawerViewController.m in Sources */ = {isa = PBXBuildFile; fileRef = 4C1532F91C8F5A4F001FFC61 /* WJFDrawerViewController.m */; };
		4C1533051C8F5A67001FFC61 /* WJFGiphyAPIClient.m in Sources */ = {isa = PBXBuildFile; fileRef = 4C1533041C8F5A67001FFC61 /* WJFGiphyAPIClient.m */; };
		4C1D7F731C767AF800453890 /* WJFChooseGifView.m in Sources */ = {isa = PBXBuildFile; fileRef = 4C1D7F721C767AF800453890 /* WJFChooseGifView.m */; };
		4C2546DA1C89D49600B162DA /* WJFTrendingGifViewController.m in Sources */ = {isa = PBXBuildFile; fileRef = 4C2546D91C89D49600B162DA /* WJFTrendingGifViewController.m */; };
		4C2546DD1C89D70C00B162DA /* WJFSearchGifViewController.m in Sources */ = {isa = PBXBuildFile; fileRef = 4C2546DC1C89D70C00B162DA /* WJFSearchGifViewController.m */; };
		4C2546E01C89D8BF00B162DA /* WJFRandomGifViewController.m in Sources */ = {isa = PBXBuildFile; fileRef = 4C2546DF1C89D8BF00B162DA /* WJFRandomGifViewController.m */; };
		4C2D2BDE1C75742800F407AF /* WJFGif.m in Sources */ = {isa = PBXBuildFile; fileRef = 4C2D2BDD1C75742800F407AF /* WJFGif.m */; };
		4C3126651CA0F9AD0027FA4D /* WJFGifBuffer.m in Sources */ = {isa = PBXBuildFile; fileRef = 4C3126641CA0F9AD0027FA4D /* WJFGifBuffer.m */; };
		4C5ADF7B1C936B5500CECD1B /* PoweredBy_200_Horizontal_Light-Backgrounds_With_Logo.gif in Resources */ = {isa = PBXBuildFile; fileRef = 4C5ADF7A1C936B5500CECD1B /* PoweredBy_200_Horizontal_Light-Backgrounds_With_Logo.gif */; };
		4C748BC41C8F6744002A9282 /* LICENSE in Resources */ = {isa = PBXBuildFile; fileRef = 4C748BA31C8F6744002A9282 /* LICENSE */; };
		4C748BC51C8F6744002A9282 /* MDCGeometry.m in Sources */ = {isa = PBXBuildFile; fileRef = 4C748BA71C8F6744002A9282 /* MDCGeometry.m */; };
		4C748BC61C8F6744002A9282 /* MDCViewState.m in Sources */ = {isa = PBXBuildFile; fileRef = 4C748BAA1C8F6744002A9282 /* MDCViewState.m */; };
		4C748BC71C8F6744002A9282 /* UIColor+MDCRGB8Bit.m in Sources */ = {isa = PBXBuildFile; fileRef = 4C748BAC1C8F6744002A9282 /* UIColor+MDCRGB8Bit.m */; };
		4C748BC81C8F6744002A9282 /* UIView+MDCBorderedLabel.m in Sources */ = {isa = PBXBuildFile; fileRef = 4C748BAF1C8F6744002A9282 /* UIView+MDCBorderedLabel.m */; };
		4C748BC91C8F6744002A9282 /* MDCSwipeOptions.m in Sources */ = {isa = PBXBuildFile; fileRef = 4C748BB41C8F6744002A9282 /* MDCSwipeOptions.m */; };
		4C748BCA1C8F6744002A9282 /* MDCSwipeToChooseViewOptions.m in Sources */ = {isa = PBXBuildFile; fileRef = 4C748BB61C8F6744002A9282 /* MDCSwipeToChooseViewOptions.m */; };
		4C748BCB1C8F6744002A9282 /* MDCPanState.m in Sources */ = {isa = PBXBuildFile; fileRef = 4C748BB91C8F6744002A9282 /* MDCPanState.m */; };
		4C748BCC1C8F6744002A9282 /* MDCSwipeResult.m in Sources */ = {isa = PBXBuildFile; fileRef = 4C748BBC1C8F6744002A9282 /* MDCSwipeResult.m */; };
		4C748BCD1C8F6744002A9282 /* MDCSwipeToChooseView.m in Sources */ = {isa = PBXBuildFile; fileRef = 4C748BC01C8F6744002A9282 /* MDCSwipeToChooseView.m */; };
		4C748BCE1C8F6744002A9282 /* UIView+MDCSwipeToChoose.m in Sources */ = {isa = PBXBuildFile; fileRef = 4C748BC21C8F6744002A9282 /* UIView+MDCSwipeToChoose.m */; };
		4C748BCF1C8F6744002A9282 /* README.md in Sources */ = {isa = PBXBuildFile; fileRef = 4C748BC31C8F6744002A9282 /* README.md */; };
		4CA65FCC1C8FB6670061974F /* WJFGifViewController.m in Sources */ = {isa = PBXBuildFile; fileRef = 4CA65FCB1C8FB6670061974F /* WJFGifViewController.m */; };
		4CA924D41C961606004E6B8E /* Settings.bundle in Resources */ = {isa = PBXBuildFile; fileRef = 4CA924D31C961606004E6B8E /* Settings.bundle */; };
		4CA978831C8A291C00859E49 /* WJFFavoriteGifViewController.m in Sources */ = {isa = PBXBuildFile; fileRef = 4CA978821C8A291C00859E49 /* WJFFavoriteGifViewController.m */; };
		4CC2027E1C6EAF4C0022A859 /* main.m in Sources */ = {isa = PBXBuildFile; fileRef = 4CC2027D1C6EAF4C0022A859 /* main.m */; };
		4CC202811C6EAF4C0022A859 /* WJFAppDelegate.m in Sources */ = {isa = PBXBuildFile; fileRef = 4CC202801C6EAF4C0022A859 /* WJFAppDelegate.m */; };
		4CC202871C6EAF4C0022A859 /* Main.storyboard in Resources */ = {isa = PBXBuildFile; fileRef = 4CC202851C6EAF4C0022A859 /* Main.storyboard */; };
		4CC202891C6EAF4C0022A859 /* Assets.xcassets in Resources */ = {isa = PBXBuildFile; fileRef = 4CC202881C6EAF4C0022A859 /* Assets.xcassets */; };
		4CC2028C1C6EAF4C0022A859 /* LaunchScreen.storyboard in Resources */ = {isa = PBXBuildFile; fileRef = 4CC2028A1C6EAF4C0022A859 /* LaunchScreen.storyboard */; };
		4CC202971C6EAF4C0022A859 /* LikedTests.m in Sources */ = {isa = PBXBuildFile; fileRef = 4CC202961C6EAF4C0022A859 /* LikedTests.m */; };
		4CC202A21C6EAF4C0022A859 /* LikedUITests.m in Sources */ = {isa = PBXBuildFile; fileRef = 4CC202A11C6EAF4C0022A859 /* LikedUITests.m */; };
		4CC202C41C6EB5B00022A859 /* WJFConstants.m in Sources */ = {isa = PBXBuildFile; fileRef = 4CC202C31C6EB5B00022A859 /* WJFConstants.m */; };
		4CE9B6E51C87BED400505C0B /* WJFCenterViewController.m in Sources */ = {isa = PBXBuildFile; fileRef = 4CE9B6E41C87BED400505C0B /* WJFCenterViewController.m */; };
		4CECD6551CB349A3003135E3 /* WJFSearchGif.m in Sources */ = {isa = PBXBuildFile; fileRef = 4CECD6541CB349A3003135E3 /* WJFSearchGif.m */; };
		A47CDFD36CE2160F6A760360 /* libPods-Liked.a in Frameworks */ = {isa = PBXBuildFile; fileRef = 60A9F1A69A884A5E84F66C26 /* libPods-Liked.a */; };
/* End PBXBuildFile section */

/* Begin PBXContainerItemProxy section */
		4CC202931C6EAF4C0022A859 /* PBXContainerItemProxy */ = {
			isa = PBXContainerItemProxy;
			containerPortal = 4CC202711C6EAF4C0022A859 /* Project object */;
			proxyType = 1;
			remoteGlobalIDString = 4CC202781C6EAF4C0022A859;
			remoteInfo = Liked;
		};
		4CC2029E1C6EAF4C0022A859 /* PBXContainerItemProxy */ = {
			isa = PBXContainerItemProxy;
			containerPortal = 4CC202711C6EAF4C0022A859 /* Project object */;
			proxyType = 1;
			remoteGlobalIDString = 4CC202781C6EAF4C0022A859;
			remoteInfo = Liked;
		};
/* End PBXContainerItemProxy section */

/* Begin PBXFileReference section */
		0C3B18626B8C83E944E62FF9 /* Pods-Liked.debug.xcconfig */ = {isa = PBXFileReference; includeInIndex = 1; lastKnownFileType = text.xcconfig; name = "Pods-Liked.debug.xcconfig"; path = "Pods/Target Support Files/Pods-Liked/Pods-Liked.debug.xcconfig"; sourceTree = "<group>"; };
		4C10381D1CAEEBDC0009077B /* WJFTrendingGif.h */ = {isa = PBXFileReference; fileEncoding = 4; lastKnownFileType = sourcecode.c.h; path = WJFTrendingGif.h; sourceTree = "<group>"; };
		4C10381E1CAEEBDC0009077B /* WJFTrendingGif.m */ = {isa = PBXFileReference; fileEncoding = 4; lastKnownFileType = sourcecode.c.objc; path = WJFTrendingGif.m; sourceTree = "<group>"; };
		4C1038201CAEEEC50009077B /* WJFRandomGif.h */ = {isa = PBXFileReference; fileEncoding = 4; lastKnownFileType = sourcecode.c.h; path = WJFRandomGif.h; sourceTree = "<group>"; };
		4C1038211CAEEEC50009077B /* WJFRandomGif.m */ = {isa = PBXFileReference; fileEncoding = 4; lastKnownFileType = sourcecode.c.objc; path = WJFRandomGif.m; sourceTree = "<group>"; };
		4C1532CA1C8E0079001FFC61 /* WJFTranslationGifViewController.h */ = {isa = PBXFileReference; fileEncoding = 4; lastKnownFileType = sourcecode.c.h; path = WJFTranslationGifViewController.h; sourceTree = "<group>"; };
		4C1532CB1C8E0079001FFC61 /* WJFTranslationGifViewController.m */ = {isa = PBXFileReference; fileEncoding = 4; lastKnownFileType = sourcecode.c.objc; path = WJFTranslationGifViewController.m; sourceTree = "<group>"; };
		4C1532CD1C8E2F06001FFC61 /* WJFFavoriteGifCollectionViewCell.h */ = {isa = PBXFileReference; fileEncoding = 4; lastKnownFileType = sourcecode.c.h; path = WJFFavoriteGifCollectionViewCell.h; sourceTree = "<group>"; };
		4C1532CE1C8E2F06001FFC61 /* WJFFavoriteGifCollectionViewCell.m */ = {isa = PBXFileReference; fileEncoding = 4; lastKnownFileType = sourcecode.c.objc; path = WJFFavoriteGifCollectionViewCell.m; sourceTree = "<group>"; };
		4C1532DB1C8F5661001FFC61 /* WJFGifRealm.h */ = {isa = PBXFileReference; fileEncoding = 4; lastKnownFileType = sourcecode.c.h; path = WJFGifRealm.h; sourceTree = "<group>"; };
		4C1532DC1C8F5661001FFC61 /* WJFGifRealm.m */ = {isa = PBXFileReference; fileEncoding = 4; lastKnownFileType = sourcecode.c.objc; path = WJFGifRealm.m; sourceTree = "<group>"; };
		4C1532DD1C8F5661001FFC61 /* WJFGifSeenRealm.h */ = {isa = PBXFileReference; fileEncoding = 4; lastKnownFileType = sourcecode.c.h; path = WJFGifSeenRealm.h; sourceTree = "<group>"; };
		4C1532DE1C8F5661001FFC61 /* WJFGifSeenRealm.m */ = {isa = PBXFileReference; fileEncoding = 4; lastKnownFileType = sourcecode.c.objc; path = WJFGifSeenRealm.m; sourceTree = "<group>"; };
		4C1532EC1C8F5A4F001FFC61 /* MMNavigationController.h */ = {isa = PBXFileReference; fileEncoding = 4; lastKnownFileType = sourcecode.c.h; path = MMNavigationController.h; sourceTree = "<group>"; };
		4C1532ED1C8F5A4F001FFC61 /* MMNavigationController.m */ = {isa = PBXFileReference; fileEncoding = 4; lastKnownFileType = sourcecode.c.objc; path = MMNavigationController.m; sourceTree = "<group>"; };
		4C1532EE1C8F5A4F001FFC61 /* MMSideDrawerSectionHeaderView.h */ = {isa = PBXFileReference; fileEncoding = 4; lastKnownFileType = sourcecode.c.h; path = MMSideDrawerSectionHeaderView.h; sourceTree = "<group>"; };
		4C1532EF1C8F5A4F001FFC61 /* MMSideDrawerSectionHeaderView.m */ = {isa = PBXFileReference; fileEncoding = 4; lastKnownFileType = sourcecode.c.objc; path = MMSideDrawerSectionHeaderView.m; sourceTree = "<group>"; };
		4C1532F01C8F5A4F001FFC61 /* MMSideDrawerTableViewCell.h */ = {isa = PBXFileReference; fileEncoding = 4; lastKnownFileType = sourcecode.c.h; path = MMSideDrawerTableViewCell.h; sourceTree = "<group>"; };
		4C1532F11C8F5A4F001FFC61 /* MMSideDrawerTableViewCell.m */ = {isa = PBXFileReference; fileEncoding = 4; lastKnownFileType = sourcecode.c.objc; path = MMSideDrawerTableViewCell.m; sourceTree = "<group>"; };
		4C1532F21C8F5A4F001FFC61 /* MMTableViewCell.h */ = {isa = PBXFileReference; fileEncoding = 4; lastKnownFileType = sourcecode.c.h; path = MMTableViewCell.h; sourceTree = "<group>"; };
		4C1532F31C8F5A4F001FFC61 /* MMTableViewCell.m */ = {isa = PBXFileReference; fileEncoding = 4; lastKnownFileType = sourcecode.c.objc; path = MMTableViewCell.m; sourceTree = "<group>"; };
		4C1532F61C8F5A4F001FFC61 /* WJFSideDrawerViewController.h */ = {isa = PBXFileReference; fileEncoding = 4; lastKnownFileType = sourcecode.c.h; path = WJFSideDrawerViewController.h; sourceTree = "<group>"; };
		4C1532F71C8F5A4F001FFC61 /* WJFSideDrawerViewController.m */ = {isa = PBXFileReference; fileEncoding = 4; lastKnownFileType = sourcecode.c.objc; path = WJFSideDrawerViewController.m; sourceTree = "<group>"; };
		4C1532F81C8F5A4F001FFC61 /* WJFDrawerViewController.h */ = {isa = PBXFileReference; fileEncoding = 4; lastKnownFileType = sourcecode.c.h; path = WJFDrawerViewController.h; sourceTree = "<group>"; };
		4C1532F91C8F5A4F001FFC61 /* WJFDrawerViewController.m */ = {isa = PBXFileReference; fileEncoding = 4; lastKnownFileType = sourcecode.c.objc; path = WJFDrawerViewController.m; sourceTree = "<group>"; };
		4C1533031C8F5A67001FFC61 /* WJFGiphyAPIClient.h */ = {isa = PBXFileReference; fileEncoding = 4; lastKnownFileType = sourcecode.c.h; path = WJFGiphyAPIClient.h; sourceTree = "<group>"; };
		4C1533041C8F5A67001FFC61 /* WJFGiphyAPIClient.m */ = {isa = PBXFileReference; fileEncoding = 4; lastKnownFileType = sourcecode.c.objc; path = WJFGiphyAPIClient.m; sourceTree = "<group>"; };
		4C1D7F711C767AE500453890 /* WJFChooseGifView.h */ = {isa = PBXFileReference; fileEncoding = 4; lastKnownFileType = sourcecode.c.h; path = WJFChooseGifView.h; sourceTree = "<group>"; };
		4C1D7F721C767AF800453890 /* WJFChooseGifView.m */ = {isa = PBXFileReference; fileEncoding = 4; lastKnownFileType = sourcecode.c.objc; path = WJFChooseGifView.m; sourceTree = "<group>"; };
		4C2546D81C89D49600B162DA /* WJFTrendingGifViewController.h */ = {isa = PBXFileReference; fileEncoding = 4; lastKnownFileType = sourcecode.c.h; path = WJFTrendingGifViewController.h; sourceTree = "<group>"; };
		4C2546D91C89D49600B162DA /* WJFTrendingGifViewController.m */ = {isa = PBXFileReference; fileEncoding = 4; lastKnownFileType = sourcecode.c.objc; path = WJFTrendingGifViewController.m; sourceTree = "<group>"; };
		4C2546DB1C89D70C00B162DA /* WJFSearchGifViewController.h */ = {isa = PBXFileReference; fileEncoding = 4; lastKnownFileType = sourcecode.c.h; path = WJFSearchGifViewController.h; sourceTree = "<group>"; };
		4C2546DC1C89D70C00B162DA /* WJFSearchGifViewController.m */ = {isa = PBXFileReference; fileEncoding = 4; lastKnownFileType = sourcecode.c.objc; path = WJFSearchGifViewController.m; sourceTree = "<group>"; };
		4C2546DE1C89D8BF00B162DA /* WJFRandomGifViewController.h */ = {isa = PBXFileReference; fileEncoding = 4; lastKnownFileType = sourcecode.c.h; path = WJFRandomGifViewController.h; sourceTree = "<group>"; };
		4C2546DF1C89D8BF00B162DA /* WJFRandomGifViewController.m */ = {isa = PBXFileReference; fileEncoding = 4; lastKnownFileType = sourcecode.c.objc; path = WJFRandomGifViewController.m; sourceTree = "<group>"; };
		4C2D2BDC1C75742800F407AF /* WJFGif.h */ = {isa = PBXFileReference; fileEncoding = 4; lastKnownFileType = sourcecode.c.h; path = WJFGif.h; sourceTree = "<group>"; };
		4C2D2BDD1C75742800F407AF /* WJFGif.m */ = {isa = PBXFileReference; fileEncoding = 4; lastKnownFileType = sourcecode.c.objc; path = WJFGif.m; sourceTree = "<group>"; };
		4C3126631CA0F9AD0027FA4D /* WJFGifBuffer.h */ = {isa = PBXFileReference; fileEncoding = 4; lastKnownFileType = sourcecode.c.h; name = WJFGifBuffer.h; path = Utils/WJFGifBuffer.h; sourceTree = "<group>"; };
		4C3126641CA0F9AD0027FA4D /* WJFGifBuffer.m */ = {isa = PBXFileReference; fileEncoding = 4; lastKnownFileType = sourcecode.c.objc; name = WJFGifBuffer.m; path = Utils/WJFGifBuffer.m; sourceTree = "<group>"; };
		4C5ADF7A1C936B5500CECD1B /* PoweredBy_200_Horizontal_Light-Backgrounds_With_Logo.gif */ = {isa = PBXFileReference; lastKnownFileType = image.gif; path = "PoweredBy_200_Horizontal_Light-Backgrounds_With_Logo.gif"; sourceTree = "<group>"; };
		4C748BA31C8F6744002A9282 /* LICENSE */ = {isa = PBXFileReference; fileEncoding = 4; lastKnownFileType = text; path = LICENSE; sourceTree = "<group>"; };
		4C748BA61C8F6744002A9282 /* MDCGeometry.h */ = {isa = PBXFileReference; fileEncoding = 4; lastKnownFileType = sourcecode.c.h; path = MDCGeometry.h; sourceTree = "<group>"; };
		4C748BA71C8F6744002A9282 /* MDCGeometry.m */ = {isa = PBXFileReference; fileEncoding = 4; lastKnownFileType = sourcecode.c.objc; path = MDCGeometry.m; sourceTree = "<group>"; };
		4C748BA91C8F6744002A9282 /* MDCViewState.h */ = {isa = PBXFileReference; fileEncoding = 4; lastKnownFileType = sourcecode.c.h; path = MDCViewState.h; sourceTree = "<group>"; };
		4C748BAA1C8F6744002A9282 /* MDCViewState.m */ = {isa = PBXFileReference; fileEncoding = 4; lastKnownFileType = sourcecode.c.objc; path = MDCViewState.m; sourceTree = "<group>"; };
		4C748BAB1C8F6744002A9282 /* UIColor+MDCRGB8Bit.h */ = {isa = PBXFileReference; fileEncoding = 4; lastKnownFileType = sourcecode.c.h; path = "UIColor+MDCRGB8Bit.h"; sourceTree = "<group>"; };
		4C748BAC1C8F6744002A9282 /* UIColor+MDCRGB8Bit.m */ = {isa = PBXFileReference; fileEncoding = 4; lastKnownFileType = sourcecode.c.objc; path = "UIColor+MDCRGB8Bit.m"; sourceTree = "<group>"; };
		4C748BAE1C8F6744002A9282 /* UIView+MDCBorderedLabel.h */ = {isa = PBXFileReference; fileEncoding = 4; lastKnownFileType = sourcecode.c.h; path = "UIView+MDCBorderedLabel.h"; sourceTree = "<group>"; };
		4C748BAF1C8F6744002A9282 /* UIView+MDCBorderedLabel.m */ = {isa = PBXFileReference; fileEncoding = 4; lastKnownFileType = sourcecode.c.objc; path = "UIView+MDCBorderedLabel.m"; sourceTree = "<group>"; };
		4C748BB11C8F6744002A9282 /* MDCSwipeToChoose.h */ = {isa = PBXFileReference; fileEncoding = 4; lastKnownFileType = sourcecode.c.h; path = MDCSwipeToChoose.h; sourceTree = "<group>"; };
		4C748BB31C8F6744002A9282 /* MDCSwipeOptions.h */ = {isa = PBXFileReference; fileEncoding = 4; lastKnownFileType = sourcecode.c.h; path = MDCSwipeOptions.h; sourceTree = "<group>"; };
		4C748BB41C8F6744002A9282 /* MDCSwipeOptions.m */ = {isa = PBXFileReference; fileEncoding = 4; lastKnownFileType = sourcecode.c.objc; path = MDCSwipeOptions.m; sourceTree = "<group>"; };
		4C748BB51C8F6744002A9282 /* MDCSwipeToChooseViewOptions.h */ = {isa = PBXFileReference; fileEncoding = 4; lastKnownFileType = sourcecode.c.h; path = MDCSwipeToChooseViewOptions.h; sourceTree = "<group>"; };
		4C748BB61C8F6744002A9282 /* MDCSwipeToChooseViewOptions.m */ = {isa = PBXFileReference; fileEncoding = 4; lastKnownFileType = sourcecode.c.objc; path = MDCSwipeToChooseViewOptions.m; sourceTree = "<group>"; };
		4C748BB81C8F6744002A9282 /* MDCPanState.h */ = {isa = PBXFileReference; fileEncoding = 4; lastKnownFileType = sourcecode.c.h; path = MDCPanState.h; sourceTree = "<group>"; };
		4C748BB91C8F6744002A9282 /* MDCPanState.m */ = {isa = PBXFileReference; fileEncoding = 4; lastKnownFileType = sourcecode.c.objc; path = MDCPanState.m; sourceTree = "<group>"; };
		4C748BBA1C8F6744002A9282 /* MDCSwipeDirection.h */ = {isa = PBXFileReference; fileEncoding = 4; lastKnownFileType = sourcecode.c.h; path = MDCSwipeDirection.h; sourceTree = "<group>"; };
		4C748BBB1C8F6744002A9282 /* MDCSwipeResult.h */ = {isa = PBXFileReference; fileEncoding = 4; lastKnownFileType = sourcecode.c.h; path = MDCSwipeResult.h; sourceTree = "<group>"; };
		4C748BBC1C8F6744002A9282 /* MDCSwipeResult.m */ = {isa = PBXFileReference; fileEncoding = 4; lastKnownFileType = sourcecode.c.objc; path = MDCSwipeResult.m; sourceTree = "<group>"; };
		4C748BBE1C8F6744002A9282 /* MDCSwipeToChooseDelegate.h */ = {isa = PBXFileReference; fileEncoding = 4; lastKnownFileType = sourcecode.c.h; path = MDCSwipeToChooseDelegate.h; sourceTree = "<group>"; };
		4C748BBF1C8F6744002A9282 /* MDCSwipeToChooseView.h */ = {isa = PBXFileReference; fileEncoding = 4; lastKnownFileType = sourcecode.c.h; path = MDCSwipeToChooseView.h; sourceTree = "<group>"; };
		4C748BC01C8F6744002A9282 /* MDCSwipeToChooseView.m */ = {isa = PBXFileReference; fileEncoding = 4; lastKnownFileType = sourcecode.c.objc; path = MDCSwipeToChooseView.m; sourceTree = "<group>"; };
		4C748BC11C8F6744002A9282 /* UIView+MDCSwipeToChoose.h */ = {isa = PBXFileReference; fileEncoding = 4; lastKnownFileType = sourcecode.c.h; path = "UIView+MDCSwipeToChoose.h"; sourceTree = "<group>"; };
		4C748BC21C8F6744002A9282 /* UIView+MDCSwipeToChoose.m */ = {isa = PBXFileReference; fileEncoding = 4; lastKnownFileType = sourcecode.c.objc; path = "UIView+MDCSwipeToChoose.m"; sourceTree = "<group>"; };
		4C748BC31C8F6744002A9282 /* README.md */ = {isa = PBXFileReference; fileEncoding = 4; lastKnownFileType = net.daringfireball.markdown; path = README.md; sourceTree = "<group>"; };
		4CA65FCA1C8FB6670061974F /* WJFGifViewController.h */ = {isa = PBXFileReference; fileEncoding = 4; lastKnownFileType = sourcecode.c.h; path = WJFGifViewController.h; sourceTree = "<group>"; };
		4CA65FCB1C8FB6670061974F /* WJFGifViewController.m */ = {isa = PBXFileReference; fileEncoding = 4; lastKnownFileType = sourcecode.c.objc; path = WJFGifViewController.m; sourceTree = "<group>"; };
		4CA924D31C961606004E6B8E /* Settings.bundle */ = {isa = PBXFileReference; lastKnownFileType = "wrapper.plug-in"; path = Settings.bundle; sourceTree = "<group>"; };
		4CA978811C8A291C00859E49 /* WJFFavoriteGifViewController.h */ = {isa = PBXFileReference; fileEncoding = 4; lastKnownFileType = sourcecode.c.h; path = WJFFavoriteGifViewController.h; sourceTree = "<group>"; };
		4CA978821C8A291C00859E49 /* WJFFavoriteGifViewController.m */ = {isa = PBXFileReference; fileEncoding = 4; lastKnownFileType = sourcecode.c.objc; path = WJFFavoriteGifViewController.m; sourceTree = "<group>"; };
		4CC202791C6EAF4C0022A859 /* Liked.app */ = {isa = PBXFileReference; explicitFileType = wrapper.application; includeInIndex = 0; path = Liked.app; sourceTree = BUILT_PRODUCTS_DIR; };
		4CC2027D1C6EAF4C0022A859 /* main.m */ = {isa = PBXFileReference; lastKnownFileType = sourcecode.c.objc; path = main.m; sourceTree = "<group>"; };
		4CC2027F1C6EAF4C0022A859 /* WJFAppDelegate.h */ = {isa = PBXFileReference; lastKnownFileType = sourcecode.c.h; path = WJFAppDelegate.h; sourceTree = "<group>"; };
		4CC202801C6EAF4C0022A859 /* WJFAppDelegate.m */ = {isa = PBXFileReference; lastKnownFileType = sourcecode.c.objc; path = WJFAppDelegate.m; sourceTree = "<group>"; };
		4CC202861C6EAF4C0022A859 /* Base */ = {isa = PBXFileReference; lastKnownFileType = file.storyboard; name = Base; path = Base.lproj/Main.storyboard; sourceTree = "<group>"; };
		4CC202881C6EAF4C0022A859 /* Assets.xcassets */ = {isa = PBXFileReference; lastKnownFileType = folder.assetcatalog; path = Assets.xcassets; sourceTree = "<group>"; };
		4CC2028B1C6EAF4C0022A859 /* Base */ = {isa = PBXFileReference; lastKnownFileType = file.storyboard; name = Base; path = Base.lproj/LaunchScreen.storyboard; sourceTree = "<group>"; };
		4CC2028D1C6EAF4C0022A859 /* Info.plist */ = {isa = PBXFileReference; lastKnownFileType = text.plist.xml; path = Info.plist; sourceTree = "<group>"; };
		4CC202921C6EAF4C0022A859 /* LikedTests.xctest */ = {isa = PBXFileReference; explicitFileType = wrapper.cfbundle; includeInIndex = 0; path = LikedTests.xctest; sourceTree = BUILT_PRODUCTS_DIR; };
		4CC202961C6EAF4C0022A859 /* LikedTests.m */ = {isa = PBXFileReference; lastKnownFileType = sourcecode.c.objc; path = LikedTests.m; sourceTree = "<group>"; };
		4CC202981C6EAF4C0022A859 /* Info.plist */ = {isa = PBXFileReference; lastKnownFileType = text.plist.xml; path = Info.plist; sourceTree = "<group>"; };
		4CC2029D1C6EAF4C0022A859 /* LikedUITests.xctest */ = {isa = PBXFileReference; explicitFileType = wrapper.cfbundle; includeInIndex = 0; path = LikedUITests.xctest; sourceTree = BUILT_PRODUCTS_DIR; };
		4CC202A11C6EAF4C0022A859 /* LikedUITests.m */ = {isa = PBXFileReference; lastKnownFileType = sourcecode.c.objc; path = LikedUITests.m; sourceTree = "<group>"; };
		4CC202A31C6EAF4C0022A859 /* Info.plist */ = {isa = PBXFileReference; lastKnownFileType = text.plist.xml; path = Info.plist; sourceTree = "<group>"; };
		4CC202C21C6EB5B00022A859 /* WJFConstants.h */ = {isa = PBXFileReference; fileEncoding = 4; lastKnownFileType = sourcecode.c.h; path = WJFConstants.h; sourceTree = "<group>"; };
		4CC202C31C6EB5B00022A859 /* WJFConstants.m */ = {isa = PBXFileReference; fileEncoding = 4; lastKnownFileType = sourcecode.c.objc; path = WJFConstants.m; sourceTree = "<group>"; };
		4CE9B6E31C87BED400505C0B /* WJFCenterViewController.h */ = {isa = PBXFileReference; fileEncoding = 4; lastKnownFileType = sourcecode.c.h; path = WJFCenterViewController.h; sourceTree = "<group>"; };
		4CE9B6E41C87BED400505C0B /* WJFCenterViewController.m */ = {isa = PBXFileReference; fileEncoding = 4; lastKnownFileType = sourcecode.c.objc; path = WJFCenterViewController.m; sourceTree = "<group>"; };
		4CECD6531CB349A3003135E3 /* WJFSearchGif.h */ = {isa = PBXFileReference; fileEncoding = 4; lastKnownFileType = sourcecode.c.h; path = WJFSearchGif.h; sourceTree = "<group>"; };
		4CECD6541CB349A3003135E3 /* WJFSearchGif.m */ = {isa = PBXFileReference; fileEncoding = 4; lastKnownFileType = sourcecode.c.objc; path = WJFSearchGif.m; sourceTree = "<group>"; };
		5369E8C347DE3635FB299089 /* Pods-Liked.release.xcconfig */ = {isa = PBXFileReference; includeInIndex = 1; lastKnownFileType = text.xcconfig; name = "Pods-Liked.release.xcconfig"; path = "Pods/Target Support Files/Pods-Liked/Pods-Liked.release.xcconfig"; sourceTree = "<group>"; };
		60A9F1A69A884A5E84F66C26 /* libPods-Liked.a */ = {isa = PBXFileReference; explicitFileType = archive.ar; includeInIndex = 0; path = "libPods-Liked.a"; sourceTree = BUILT_PRODUCTS_DIR; };
/* End PBXFileReference section */

/* Begin PBXFrameworksBuildPhase section */
		4CC202761C6EAF4C0022A859 /* Frameworks */ = {
			isa = PBXFrameworksBuildPhase;
			buildActionMask = 2147483647;
			files = (
				A47CDFD36CE2160F6A760360 /* libPods-Liked.a in Frameworks */,
			);
			runOnlyForDeploymentPostprocessing = 0;
		};
		4CC2028F1C6EAF4C0022A859 /* Frameworks */ = {
			isa = PBXFrameworksBuildPhase;
			buildActionMask = 2147483647;
			files = (
			);
			runOnlyForDeploymentPostprocessing = 0;
		};
		4CC2029A1C6EAF4C0022A859 /* Frameworks */ = {
			isa = PBXFrameworksBuildPhase;
			buildActionMask = 2147483647;
			files = (
			);
			runOnlyForDeploymentPostprocessing = 0;
		};
/* End PBXFrameworksBuildPhase section */

/* Begin PBXGroup section */
		115CC41E345F5FCC7015BC4E /* Pods */ = {
			isa = PBXGroup;
			children = (
				0C3B18626B8C83E944E62FF9 /* Pods-Liked.debug.xcconfig */,
				5369E8C347DE3635FB299089 /* Pods-Liked.release.xcconfig */,
			);
			name = Pods;
			sourceTree = "<group>";
		};
		4C1532DA1C8F5661001FFC61 /* Realm */ = {
			isa = PBXGroup;
			children = (
				4C1532DB1C8F5661001FFC61 /* WJFGifRealm.h */,
				4C1532DC1C8F5661001FFC61 /* WJFGifRealm.m */,
				4C1532DD1C8F5661001FFC61 /* WJFGifSeenRealm.h */,
				4C1532DE1C8F5661001FFC61 /* WJFGifSeenRealm.m */,
			);
			path = Realm;
			sourceTree = "<group>";
		};
		4C1532E91C8F5A4F001FFC61 /* Drawer */ = {
			isa = PBXGroup;
			children = (
				4C1532F81C8F5A4F001FFC61 /* WJFDrawerViewController.h */,
				4C1532F91C8F5A4F001FFC61 /* WJFDrawerViewController.m */,
				4C1532F61C8F5A4F001FFC61 /* WJFSideDrawerViewController.h */,
				4C1532F71C8F5A4F001FFC61 /* WJFSideDrawerViewController.m */,
				4C1532EC1C8F5A4F001FFC61 /* MMNavigationController.h */,
				4C1532ED1C8F5A4F001FFC61 /* MMNavigationController.m */,
				4C1532EE1C8F5A4F001FFC61 /* MMSideDrawerSectionHeaderView.h */,
				4C1532EF1C8F5A4F001FFC61 /* MMSideDrawerSectionHeaderView.m */,
				4C1532F01C8F5A4F001FFC61 /* MMSideDrawerTableViewCell.h */,
				4C1532F11C8F5A4F001FFC61 /* MMSideDrawerTableViewCell.m */,
				4C1532F21C8F5A4F001FFC61 /* MMTableViewCell.h */,
				4C1532F31C8F5A4F001FFC61 /* MMTableViewCell.m */,
			);
			path = Drawer;
			sourceTree = "<group>";
		};
		4C1533021C8F5A67001FFC61 /* APIClient */ = {
			isa = PBXGroup;
			children = (
				4C1533031C8F5A67001FFC61 /* WJFGiphyAPIClient.h */,
				4C1533041C8F5A67001FFC61 /* WJFGiphyAPIClient.m */,
			);
			path = APIClient;
			sourceTree = "<group>";
		};
		4C2D2BCA1C75302D00F407AF /* Models */ = {
			isa = PBXGroup;
			children = (
				4C2D2BDC1C75742800F407AF /* WJFGif.h */,
				4C2D2BDD1C75742800F407AF /* WJFGif.m */,
				4C10381D1CAEEBDC0009077B /* WJFTrendingGif.h */,
				4C10381E1CAEEBDC0009077B /* WJFTrendingGif.m */,
				4C1038201CAEEEC50009077B /* WJFRandomGif.h */,
				4C1038211CAEEEC50009077B /* WJFRandomGif.m */,
				4CECD6531CB349A3003135E3 /* WJFSearchGif.h */,
				4CECD6541CB349A3003135E3 /* WJFSearchGif.m */,
				4C1532DA1C8F5661001FFC61 /* Realm */,
			);
			path = Models;
			sourceTree = "<group>";
		};
		4C2D2BCE1C75304600F407AF /* Controllers */ = {
			isa = PBXGroup;
			children = (
				4CE9B6E31C87BED400505C0B /* WJFCenterViewController.h */,
				4CE9B6E41C87BED400505C0B /* WJFCenterViewController.m */,
				4CA65FCA1C8FB6670061974F /* WJFGifViewController.h */,
				4CA65FCB1C8FB6670061974F /* WJFGifViewController.m */,
				4C2546D81C89D49600B162DA /* WJFTrendingGifViewController.h */,
				4C2546D91C89D49600B162DA /* WJFTrendingGifViewController.m */,
				4C2546DE1C89D8BF00B162DA /* WJFRandomGifViewController.h */,
				4C2546DF1C89D8BF00B162DA /* WJFRandomGifViewController.m */,
				4C2546DB1C89D70C00B162DA /* WJFSearchGifViewController.h */,
				4C2546DC1C89D70C00B162DA /* WJFSearchGifViewController.m */,
				4C1532CA1C8E0079001FFC61 /* WJFTranslationGifViewController.h */,
				4C1532CB1C8E0079001FFC61 /* WJFTranslationGifViewController.m */,
				4CA978811C8A291C00859E49 /* WJFFavoriteGifViewController.h */,
				4CA978821C8A291C00859E49 /* WJFFavoriteGifViewController.m */,
			);
			path = Controllers;
			sourceTree = "<group>";
		};
		4C2D2BD21C75304E00F407AF /* Views */ = {
			isa = PBXGroup;
			children = (
				4C1D7F711C767AE500453890 /* WJFChooseGifView.h */,
				4C1D7F721C767AF800453890 /* WJFChooseGifView.m */,
				4C1532CD1C8E2F06001FFC61 /* WJFFavoriteGifCollectionViewCell.h */,
				4C1532CE1C8E2F06001FFC61 /* WJFFavoriteGifCollectionViewCell.m */,
			);
			path = Views;
			sourceTree = "<group>";
		};
		4C3126621CA0F9670027FA4D /* Utils */ = {
			isa = PBXGroup;
			children = (
				4C3126631CA0F9AD0027FA4D /* WJFGifBuffer.h */,
				4C3126641CA0F9AD0027FA4D /* WJFGifBuffer.m */,
			);
			name = Utils;
			sourceTree = "<group>";
		};
		4C5ADF7F1C936C5C00CECD1B /* Resources */ = {
			isa = PBXGroup;
			children = (
				4C5ADF7A1C936B5500CECD1B /* PoweredBy_200_Horizontal_Light-Backgrounds_With_Logo.gif */,
			);
			name = Resources;
			sourceTree = "<group>";
		};
		4C748BA11C8F6744002A9282 /* Frameworks */ = {
			isa = PBXGroup;
			children = (
				4C748BA21C8F6744002A9282 /* MDCSwipeToChoose */,
			);
			path = Frameworks;
			sourceTree = "<group>";
		};
		4C748BA21C8F6744002A9282 /* MDCSwipeToChoose */ = {
			isa = PBXGroup;
			children = (
				4C748BA31C8F6744002A9282 /* LICENSE */,
				4C748BA41C8F6744002A9282 /* MDCSwipeToChoose */,
				4C748BC31C8F6744002A9282 /* README.md */,
			);
			path = MDCSwipeToChoose;
			sourceTree = "<group>";
		};
		4C748BA41C8F6744002A9282 /* MDCSwipeToChoose */ = {
			isa = PBXGroup;
			children = (
				4C748BA51C8F6744002A9282 /* Internal */,
				4C748BB01C8F6744002A9282 /* Public */,
			);
			path = MDCSwipeToChoose;
			sourceTree = "<group>";
		};
		4C748BA51C8F6744002A9282 /* Internal */ = {
			isa = PBXGroup;
			children = (
				4C748BA61C8F6744002A9282 /* MDCGeometry.h */,
				4C748BA71C8F6744002A9282 /* MDCGeometry.m */,
				4C748BA81C8F6744002A9282 /* State */,
				4C748BAB1C8F6744002A9282 /* UIColor+MDCRGB8Bit.h */,
				4C748BAC1C8F6744002A9282 /* UIColor+MDCRGB8Bit.m */,
				4C748BAD1C8F6744002A9282 /* Views */,
			);
			path = Internal;
			sourceTree = "<group>";
		};
		4C748BA81C8F6744002A9282 /* State */ = {
			isa = PBXGroup;
			children = (
				4C748BA91C8F6744002A9282 /* MDCViewState.h */,
				4C748BAA1C8F6744002A9282 /* MDCViewState.m */,
			);
			path = State;
			sourceTree = "<group>";
		};
		4C748BAD1C8F6744002A9282 /* Views */ = {
			isa = PBXGroup;
			children = (
				4C748BAE1C8F6744002A9282 /* UIView+MDCBorderedLabel.h */,
				4C748BAF1C8F6744002A9282 /* UIView+MDCBorderedLabel.m */,
			);
			path = Views;
			sourceTree = "<group>";
		};
		4C748BB01C8F6744002A9282 /* Public */ = {
			isa = PBXGroup;
			children = (
				4C748BB11C8F6744002A9282 /* MDCSwipeToChoose.h */,
				4C748BB21C8F6744002A9282 /* Options */,
				4C748BB71C8F6744002A9282 /* State */,
				4C748BBD1C8F6744002A9282 /* Views */,
			);
			path = Public;
			sourceTree = "<group>";
		};
		4C748BB21C8F6744002A9282 /* Options */ = {
			isa = PBXGroup;
			children = (
				4C748BB31C8F6744002A9282 /* MDCSwipeOptions.h */,
				4C748BB41C8F6744002A9282 /* MDCSwipeOptions.m */,
				4C748BB51C8F6744002A9282 /* MDCSwipeToChooseViewOptions.h */,
				4C748BB61C8F6744002A9282 /* MDCSwipeToChooseViewOptions.m */,
			);
			path = Options;
			sourceTree = "<group>";
		};
		4C748BB71C8F6744002A9282 /* State */ = {
			isa = PBXGroup;
			children = (
				4C748BB81C8F6744002A9282 /* MDCPanState.h */,
				4C748BB91C8F6744002A9282 /* MDCPanState.m */,
				4C748BBA1C8F6744002A9282 /* MDCSwipeDirection.h */,
				4C748BBB1C8F6744002A9282 /* MDCSwipeResult.h */,
				4C748BBC1C8F6744002A9282 /* MDCSwipeResult.m */,
			);
			path = State;
			sourceTree = "<group>";
		};
		4C748BBD1C8F6744002A9282 /* Views */ = {
			isa = PBXGroup;
			children = (
				4C748BBE1C8F6744002A9282 /* MDCSwipeToChooseDelegate.h */,
				4C748BBF1C8F6744002A9282 /* MDCSwipeToChooseView.h */,
				4C748BC01C8F6744002A9282 /* MDCSwipeToChooseView.m */,
				4C748BC11C8F6744002A9282 /* UIView+MDCSwipeToChoose.h */,
				4C748BC21C8F6744002A9282 /* UIView+MDCSwipeToChoose.m */,
			);
			path = Views;
			sourceTree = "<group>";
		};
		4CC202701C6EAF4C0022A859 = {
			isa = PBXGroup;
			children = (
				4CC2027B1C6EAF4C0022A859 /* Liked */,
				4CC202951C6EAF4C0022A859 /* LikedTests */,
				4CC202A01C6EAF4C0022A859 /* LikedUITests */,
				4CC2027A1C6EAF4C0022A859 /* Products */,
				115CC41E345F5FCC7015BC4E /* Pods */,
				DB09AA734F625160D8EDFF83 /* Frameworks */,
			);
			sourceTree = "<group>";
		};
		4CC2027A1C6EAF4C0022A859 /* Products */ = {
			isa = PBXGroup;
			children = (
				4CC202791C6EAF4C0022A859 /* Liked.app */,
				4CC202921C6EAF4C0022A859 /* LikedTests.xctest */,
				4CC2029D1C6EAF4C0022A859 /* LikedUITests.xctest */,
			);
			name = Products;
			sourceTree = "<group>";
		};
		4CC2027B1C6EAF4C0022A859 /* Liked */ = {
			isa = PBXGroup;
			children = (
				4CC2027F1C6EAF4C0022A859 /* WJFAppDelegate.h */,
				4CC202801C6EAF4C0022A859 /* WJFAppDelegate.m */,
				4CC202C21C6EB5B00022A859 /* WJFConstants.h */,
				4CC202C31C6EB5B00022A859 /* WJFConstants.m */,
				4C1533021C8F5A67001FFC61 /* APIClient */,
				4C2D2BCA1C75302D00F407AF /* Models */,
				4C3126621CA0F9670027FA4D /* Utils */,
				4C2D2BD21C75304E00F407AF /* Views */,
				4C2D2BCE1C75304600F407AF /* Controllers */,
				4C1532E91C8F5A4F001FFC61 /* Drawer */,
				4CC202851C6EAF4C0022A859 /* Main.storyboard */,
				4CC202881C6EAF4C0022A859 /* Assets.xcassets */,
				4CC2028A1C6EAF4C0022A859 /* LaunchScreen.storyboard */,
				4CC2028D1C6EAF4C0022A859 /* Info.plist */,
				4C5ADF7F1C936C5C00CECD1B /* Resources */,
				4C748BA11C8F6744002A9282 /* Frameworks */,
				4CC2027C1C6EAF4C0022A859 /* Supporting Files */,
				4CA924D31C961606004E6B8E /* Settings.bundle */,
			);
			path = Liked;
			sourceTree = "<group>";
		};
		4CC2027C1C6EAF4C0022A859 /* Supporting Files */ = {
			isa = PBXGroup;
			children = (
				4CC2027D1C6EAF4C0022A859 /* main.m */,
			);
			name = "Supporting Files";
			sourceTree = "<group>";
		};
		4CC202951C6EAF4C0022A859 /* LikedTests */ = {
			isa = PBXGroup;
			children = (
				4CC202961C6EAF4C0022A859 /* LikedTests.m */,
				4CC202981C6EAF4C0022A859 /* Info.plist */,
			);
			path = LikedTests;
			sourceTree = "<group>";
		};
		4CC202A01C6EAF4C0022A859 /* LikedUITests */ = {
			isa = PBXGroup;
			children = (
				4CC202A11C6EAF4C0022A859 /* LikedUITests.m */,
				4CC202A31C6EAF4C0022A859 /* Info.plist */,
			);
			path = LikedUITests;
			sourceTree = "<group>";
		};
		DB09AA734F625160D8EDFF83 /* Frameworks */ = {
			isa = PBXGroup;
			children = (
				60A9F1A69A884A5E84F66C26 /* libPods-Liked.a */,
			);
			name = Frameworks;
			sourceTree = "<group>";
		};
/* End PBXGroup section */

/* Begin PBXNativeTarget section */
		4CC202781C6EAF4C0022A859 /* Liked */ = {
			isa = PBXNativeTarget;
			buildConfigurationList = 4CC202A61C6EAF4C0022A859 /* Build configuration list for PBXNativeTarget "Liked" */;
			buildPhases = (
				380902EBF8FD3F95DB8B4EED /* Check Pods Manifest.lock */,
				4CC202751C6EAF4C0022A859 /* Sources */,
				4CC202761C6EAF4C0022A859 /* Frameworks */,
				4CC202771C6EAF4C0022A859 /* Resources */,
				A84B50169756B48C02810C21 /* Embed Pods Frameworks */,
				233D759AE647AC43713ED8BD /* Copy Pods Resources */,
			);
			buildRules = (
			);
			dependencies = (
			);
			name = Liked;
			productName = Liked;
			productReference = 4CC202791C6EAF4C0022A859 /* Liked.app */;
			productType = "com.apple.product-type.application";
		};
		4CC202911C6EAF4C0022A859 /* LikedTests */ = {
			isa = PBXNativeTarget;
			buildConfigurationList = 4CC202A91C6EAF4C0022A859 /* Build configuration list for PBXNativeTarget "LikedTests" */;
			buildPhases = (
				4CC2028E1C6EAF4C0022A859 /* Sources */,
				4CC2028F1C6EAF4C0022A859 /* Frameworks */,
				4CC202901C6EAF4C0022A859 /* Resources */,
			);
			buildRules = (
			);
			dependencies = (
				4CC202941C6EAF4C0022A859 /* PBXTargetDependency */,
			);
			name = LikedTests;
			productName = LikedTests;
			productReference = 4CC202921C6EAF4C0022A859 /* LikedTests.xctest */;
			productType = "com.apple.product-type.bundle.unit-test";
		};
		4CC2029C1C6EAF4C0022A859 /* LikedUITests */ = {
			isa = PBXNativeTarget;
			buildConfigurationList = 4CC202AC1C6EAF4C0022A859 /* Build configuration list for PBXNativeTarget "LikedUITests" */;
			buildPhases = (
				4CC202991C6EAF4C0022A859 /* Sources */,
				4CC2029A1C6EAF4C0022A859 /* Frameworks */,
				4CC2029B1C6EAF4C0022A859 /* Resources */,
			);
			buildRules = (
			);
			dependencies = (
				4CC2029F1C6EAF4C0022A859 /* PBXTargetDependency */,
			);
			name = LikedUITests;
			productName = LikedUITests;
			productReference = 4CC2029D1C6EAF4C0022A859 /* LikedUITests.xctest */;
			productType = "com.apple.product-type.bundle.ui-testing";
		};
/* End PBXNativeTarget section */

/* Begin PBXProject section */
		4CC202711C6EAF4C0022A859 /* Project object */ = {
			isa = PBXProject;
			attributes = {
				LastUpgradeCheck = 0720;
				ORGANIZATIONNAME = "Wo Jun Feng";
				TargetAttributes = {
					4CC202781C6EAF4C0022A859 = {
						CreatedOnToolsVersion = 7.2.1;
						DevelopmentTeam = C364U78854;
					};
					4CC202911C6EAF4C0022A859 = {
						CreatedOnToolsVersion = 7.2.1;
						TestTargetID = 4CC202781C6EAF4C0022A859;
					};
					4CC2029C1C6EAF4C0022A859 = {
						CreatedOnToolsVersion = 7.2.1;
						TestTargetID = 4CC202781C6EAF4C0022A859;
					};
				};
			};
			buildConfigurationList = 4CC202741C6EAF4C0022A859 /* Build configuration list for PBXProject "Liked" */;
			compatibilityVersion = "Xcode 3.2";
			developmentRegion = English;
			hasScannedForEncodings = 0;
			knownRegions = (
				en,
				Base,
			);
			mainGroup = 4CC202701C6EAF4C0022A859;
			productRefGroup = 4CC2027A1C6EAF4C0022A859 /* Products */;
			projectDirPath = "";
			projectRoot = "";
			targets = (
				4CC202781C6EAF4C0022A859 /* Liked */,
				4CC202911C6EAF4C0022A859 /* LikedTests */,
				4CC2029C1C6EAF4C0022A859 /* LikedUITests */,
			);
		};
/* End PBXProject section */

/* Begin PBXResourcesBuildPhase section */
		4CC202771C6EAF4C0022A859 /* Resources */ = {
			isa = PBXResourcesBuildPhase;
			buildActionMask = 2147483647;
			files = (
				4CC2028C1C6EAF4C0022A859 /* LaunchScreen.storyboard in Resources */,
				4CC202891C6EAF4C0022A859 /* Assets.xcassets in Resources */,
				4C5ADF7B1C936B5500CECD1B /* PoweredBy_200_Horizontal_Light-Backgrounds_With_Logo.gif in Resources */,
				4C748BC41C8F6744002A9282 /* LICENSE in Resources */,
				4CA924D41C961606004E6B8E /* Settings.bundle in Resources */,
				4CC202871C6EAF4C0022A859 /* Main.storyboard in Resources */,
			);
			runOnlyForDeploymentPostprocessing = 0;
		};
		4CC202901C6EAF4C0022A859 /* Resources */ = {
			isa = PBXResourcesBuildPhase;
			buildActionMask = 2147483647;
			files = (
			);
			runOnlyForDeploymentPostprocessing = 0;
		};
		4CC2029B1C6EAF4C0022A859 /* Resources */ = {
			isa = PBXResourcesBuildPhase;
			buildActionMask = 2147483647;
			files = (
			);
			runOnlyForDeploymentPostprocessing = 0;
		};
/* End PBXResourcesBuildPhase section */

/* Begin PBXShellScriptBuildPhase section */
		233D759AE647AC43713ED8BD /* Copy Pods Resources */ = {
			isa = PBXShellScriptBuildPhase;
			buildActionMask = 2147483647;
			files = (
			);
			inputPaths = (
			);
			name = "Copy Pods Resources";
			outputPaths = (
			);
			runOnlyForDeploymentPostprocessing = 0;
			shellPath = /bin/sh;
			shellScript = "\"${SRCROOT}/Pods/Target Support Files/Pods-Liked/Pods-Liked-resources.sh\"\n";
			showEnvVarsInLog = 0;
		};
		380902EBF8FD3F95DB8B4EED /* Check Pods Manifest.lock */ = {
			isa = PBXShellScriptBuildPhase;
			buildActionMask = 2147483647;
			files = (
			);
			inputPaths = (
			);
			name = "Check Pods Manifest.lock";
			outputPaths = (
			);
			runOnlyForDeploymentPostprocessing = 0;
			shellPath = /bin/sh;
			shellScript = "diff \"${PODS_ROOT}/../Podfile.lock\" \"${PODS_ROOT}/Manifest.lock\" > /dev/null\nif [[ $? != 0 ]] ; then\n    cat << EOM\nerror: The sandbox is not in sync with the Podfile.lock. Run 'pod install' or update your CocoaPods installation.\nEOM\n    exit 1\nfi\n";
			showEnvVarsInLog = 0;
		};
		A84B50169756B48C02810C21 /* Embed Pods Frameworks */ = {
			isa = PBXShellScriptBuildPhase;
			buildActionMask = 2147483647;
			files = (
			);
			inputPaths = (
			);
			name = "Embed Pods Frameworks";
			outputPaths = (
			);
			runOnlyForDeploymentPostprocessing = 0;
			shellPath = /bin/sh;
			shellScript = "\"${SRCROOT}/Pods/Target Support Files/Pods-Liked/Pods-Liked-frameworks.sh\"\n";
			showEnvVarsInLog = 0;
		};
/* End PBXShellScriptBuildPhase section */

/* Begin PBXSourcesBuildPhase section */
		4CC202751C6EAF4C0022A859 /* Sources */ = {
			isa = PBXSourcesBuildPhase;
			buildActionMask = 2147483647;
			files = (
				4C2546E01C89D8BF00B162DA /* WJFRandomGifViewController.m in Sources */,
				4C748BC71C8F6744002A9282 /* UIColor+MDCRGB8Bit.m in Sources */,
				4C2D2BDE1C75742800F407AF /* WJFGif.m in Sources */,
				4C748BCA1C8F6744002A9282 /* MDCSwipeToChooseViewOptions.m in Sources */,
				4CA978831C8A291C00859E49 /* WJFFavoriteGifViewController.m in Sources */,
				4C1532CC1C8E0079001FFC61 /* WJFTranslationGifViewController.m in Sources */,
				4C1532FE1C8F5A4F001FFC61 /* MMTableViewCell.m in Sources */,
				4CA65FCC1C8FB6670061974F /* WJFGifViewController.m in Sources */,
				4C748BC61C8F6744002A9282 /* MDCViewState.m in Sources */,
				4C1533051C8F5A67001FFC61 /* WJFGiphyAPIClient.m in Sources */,
				4C10381F1CAEEBDC0009077B /* WJFTrendingGif.m in Sources */,
				4C3126651CA0F9AD0027FA4D /* WJFGifBuffer.m in Sources */,
				4C1532CF1C8E2F06001FFC61 /* WJFFavoriteGifCollectionViewCell.m in Sources */,
				4C748BC51C8F6744002A9282 /* MDCGeometry.m in Sources */,
				4C748BCE1C8F6744002A9282 /* UIView+MDCSwipeToChoose.m in Sources */,
				4C748BCD1C8F6744002A9282 /* MDCSwipeToChooseView.m in Sources */,
				4CC202C41C6EB5B00022A859 /* WJFConstants.m in Sources */,
				4C748BC91C8F6744002A9282 /* MDCSwipeOptions.m in Sources */,
				4C1532FC1C8F5A4F001FFC61 /* MMSideDrawerSectionHeaderView.m in Sources */,
				4C1533011C8F5A4F001FFC61 /* WJFDrawerViewController.m in Sources */,
				4C2546DD1C89D70C00B162DA /* WJFSearchGifViewController.m in Sources */,
				4C2546DA1C89D49600B162DA /* WJFTrendingGifViewController.m in Sources */,
				4C748BCB1C8F6744002A9282 /* MDCPanState.m in Sources */,
				4C1532FB1C8F5A4F001FFC61 /* MMNavigationController.m in Sources */,
				4CC202811C6EAF4C0022A859 /* WJFAppDelegate.m in Sources */,
				4C748BC81C8F6744002A9282 /* UIView+MDCBorderedLabel.m in Sources */,
				4C1D7F731C767AF800453890 /* WJFChooseGifView.m in Sources */,
				4C1038221CAEEEC50009077B /* WJFRandomGif.m in Sources */,
				4C1533001C8F5A4F001FFC61 /* WJFSideDrawerViewController.m in Sources */,
				4CE9B6E51C87BED400505C0B /* WJFCenterViewController.m in Sources */,
				4C748BCF1C8F6744002A9282 /* README.md in Sources */,
				4C1532DF1C8F5661001FFC61 /* WJFGifRealm.m in Sources */,
				4C1532E01C8F5661001FFC61 /* WJFGifSeenRealm.m in Sources */,
				4CECD6551CB349A3003135E3 /* WJFSearchGif.m in Sources */,
				4C748BCC1C8F6744002A9282 /* MDCSwipeResult.m in Sources */,
				4C1532FD1C8F5A4F001FFC61 /* MMSideDrawerTableViewCell.m in Sources */,
				4CC2027E1C6EAF4C0022A859 /* main.m in Sources */,
			);
			runOnlyForDeploymentPostprocessing = 0;
		};
		4CC2028E1C6EAF4C0022A859 /* Sources */ = {
			isa = PBXSourcesBuildPhase;
			buildActionMask = 2147483647;
			files = (
				4CC202971C6EAF4C0022A859 /* LikedTests.m in Sources */,
			);
			runOnlyForDeploymentPostprocessing = 0;
		};
		4CC202991C6EAF4C0022A859 /* Sources */ = {
			isa = PBXSourcesBuildPhase;
			buildActionMask = 2147483647;
			files = (
				4CC202A21C6EAF4C0022A859 /* LikedUITests.m in Sources */,
			);
			runOnlyForDeploymentPostprocessing = 0;
		};
/* End PBXSourcesBuildPhase section */

/* Begin PBXTargetDependency section */
		4CC202941C6EAF4C0022A859 /* PBXTargetDependency */ = {
			isa = PBXTargetDependency;
			target = 4CC202781C6EAF4C0022A859 /* Liked */;
			targetProxy = 4CC202931C6EAF4C0022A859 /* PBXContainerItemProxy */;
		};
		4CC2029F1C6EAF4C0022A859 /* PBXTargetDependency */ = {
			isa = PBXTargetDependency;
			target = 4CC202781C6EAF4C0022A859 /* Liked */;
			targetProxy = 4CC2029E1C6EAF4C0022A859 /* PBXContainerItemProxy */;
		};
/* End PBXTargetDependency section */

/* Begin PBXVariantGroup section */
		4CC202851C6EAF4C0022A859 /* Main.storyboard */ = {
			isa = PBXVariantGroup;
			children = (
				4CC202861C6EAF4C0022A859 /* Base */,
			);
			name = Main.storyboard;
			sourceTree = "<group>";
		};
		4CC2028A1C6EAF4C0022A859 /* LaunchScreen.storyboard */ = {
			isa = PBXVariantGroup;
			children = (
				4CC2028B1C6EAF4C0022A859 /* Base */,
			);
			name = LaunchScreen.storyboard;
			sourceTree = "<group>";
		};
/* End PBXVariantGroup section */

/* Begin XCBuildConfiguration section */
		4CC202A41C6EAF4C0022A859 /* Debug */ = {
			isa = XCBuildConfiguration;
			buildSettings = {
				ALWAYS_SEARCH_USER_PATHS = NO;
				CLANG_CXX_LANGUAGE_STANDARD = "gnu++0x";
				CLANG_CXX_LIBRARY = "libc++";
				CLANG_ENABLE_MODULES = YES;
				CLANG_ENABLE_OBJC_ARC = YES;
				CLANG_WARN_BOOL_CONVERSION = YES;
				CLANG_WARN_CONSTANT_CONVERSION = YES;
				CLANG_WARN_DIRECT_OBJC_ISA_USAGE = YES_ERROR;
				CLANG_WARN_EMPTY_BODY = YES;
				CLANG_WARN_ENUM_CONVERSION = YES;
				CLANG_WARN_INT_CONVERSION = YES;
				CLANG_WARN_OBJC_ROOT_CLASS = YES_ERROR;
				CLANG_WARN_UNREACHABLE_CODE = YES;
				CLANG_WARN__DUPLICATE_METHOD_MATCH = YES;
				"CODE_SIGN_IDENTITY[sdk=iphoneos*]" = "iPhone Developer";
				COPY_PHASE_STRIP = NO;
				DEBUG_INFORMATION_FORMAT = dwarf;
				ENABLE_STRICT_OBJC_MSGSEND = YES;
				ENABLE_TESTABILITY = YES;
				GCC_C_LANGUAGE_STANDARD = gnu99;
				GCC_DYNAMIC_NO_PIC = NO;
				GCC_NO_COMMON_BLOCKS = YES;
				GCC_OPTIMIZATION_LEVEL = 0;
				GCC_PREPROCESSOR_DEFINITIONS = (
					"DEBUG=1",
					"$(inherited)",
				);
				GCC_WARN_64_TO_32_BIT_CONVERSION = YES;
				GCC_WARN_ABOUT_RETURN_TYPE = YES_ERROR;
				GCC_WARN_UNDECLARED_SELECTOR = YES;
				GCC_WARN_UNINITIALIZED_AUTOS = YES_AGGRESSIVE;
				GCC_WARN_UNUSED_FUNCTION = YES;
				GCC_WARN_UNUSED_VARIABLE = YES;
				IPHONEOS_DEPLOYMENT_TARGET = 9.2;
				MTL_ENABLE_DEBUG_INFO = YES;
				ONLY_ACTIVE_ARCH = YES;
				SDKROOT = iphoneos;
				TARGETED_DEVICE_FAMILY = "1,2";
			};
			name = Debug;
		};
		4CC202A51C6EAF4C0022A859 /* Release */ = {
			isa = XCBuildConfiguration;
			buildSettings = {
				ALWAYS_SEARCH_USER_PATHS = NO;
				CLANG_CXX_LANGUAGE_STANDARD = "gnu++0x";
				CLANG_CXX_LIBRARY = "libc++";
				CLANG_ENABLE_MODULES = YES;
				CLANG_ENABLE_OBJC_ARC = YES;
				CLANG_WARN_BOOL_CONVERSION = YES;
				CLANG_WARN_CONSTANT_CONVERSION = YES;
				CLANG_WARN_DIRECT_OBJC_ISA_USAGE = YES_ERROR;
				CLANG_WARN_EMPTY_BODY = YES;
				CLANG_WARN_ENUM_CONVERSION = YES;
				CLANG_WARN_INT_CONVERSION = YES;
				CLANG_WARN_OBJC_ROOT_CLASS = YES_ERROR;
				CLANG_WARN_UNREACHABLE_CODE = YES;
				CLANG_WARN__DUPLICATE_METHOD_MATCH = YES;
				"CODE_SIGN_IDENTITY[sdk=iphoneos*]" = "iPhone Developer";
				COPY_PHASE_STRIP = NO;
				DEBUG_INFORMATION_FORMAT = "dwarf-with-dsym";
				ENABLE_NS_ASSERTIONS = NO;
				ENABLE_STRICT_OBJC_MSGSEND = YES;
				GCC_C_LANGUAGE_STANDARD = gnu99;
				GCC_NO_COMMON_BLOCKS = YES;
				GCC_WARN_64_TO_32_BIT_CONVERSION = YES;
				GCC_WARN_ABOUT_RETURN_TYPE = YES_ERROR;
				GCC_WARN_UNDECLARED_SELECTOR = YES;
				GCC_WARN_UNINITIALIZED_AUTOS = YES_AGGRESSIVE;
				GCC_WARN_UNUSED_FUNCTION = YES;
				GCC_WARN_UNUSED_VARIABLE = YES;
				IPHONEOS_DEPLOYMENT_TARGET = 9.2;
				MTL_ENABLE_DEBUG_INFO = NO;
				SDKROOT = iphoneos;
				TARGETED_DEVICE_FAMILY = "1,2";
				VALIDATE_PRODUCT = YES;
			};
			name = Release;
		};
		4CC202A71C6EAF4C0022A859 /* Debug */ = {
			isa = XCBuildConfiguration;
			baseConfigurationReference = 0C3B18626B8C83E944E62FF9 /* Pods-Liked.debug.xcconfig */;
			buildSettings = {
				ASSETCATALOG_COMPILER_APPICON_NAME = AppIcon;
				CODE_SIGN_IDENTITY = "iPhone Distribution";
				"CODE_SIGN_IDENTITY[sdk=iphoneos*]" = "iPhone Developer";
				INFOPLIST_FILE = Liked/Info.plist;
				IPHONEOS_DEPLOYMENT_TARGET = 9.0;
				LD_RUNPATH_SEARCH_PATHS = "$(inherited) @executable_path/Frameworks";
				PRODUCT_BUNDLE_IDENTIFIER = WJF.Liked;
				PRODUCT_NAME = "$(TARGET_NAME)";
				PROVISIONING_PROFILE = "";
				TARGETED_DEVICE_FAMILY = 1;
			};
			name = Debug;
		};
		4CC202A81C6EAF4C0022A859 /* Release */ = {
			isa = XCBuildConfiguration;
			baseConfigurationReference = 5369E8C347DE3635FB299089 /* Pods-Liked.release.xcconfig */;
			buildSettings = {
				ASSETCATALOG_COMPILER_APPICON_NAME = AppIcon;
				CODE_SIGN_IDENTITY = "iPhone Distribution";
				"CODE_SIGN_IDENTITY[sdk=iphoneos*]" = "iPhone Developer";
				INFOPLIST_FILE = Liked/Info.plist;
				IPHONEOS_DEPLOYMENT_TARGET = 9.0;
				LD_RUNPATH_SEARCH_PATHS = "$(inherited) @executable_path/Frameworks";
				PRODUCT_BUNDLE_IDENTIFIER = WJF.Liked;
				PRODUCT_NAME = "$(TARGET_NAME)";
				PROVISIONING_PROFILE = "";
				TARGETED_DEVICE_FAMILY = 1;
			};
			name = Release;
		};
		4CC202AA1C6EAF4C0022A859 /* Debug */ = {
			isa = XCBuildConfiguration;
			buildSettings = {
				BUNDLE_LOADER = "$(TEST_HOST)";
				INFOPLIST_FILE = LikedTests/Info.plist;
				LD_RUNPATH_SEARCH_PATHS = "$(inherited) @executable_path/Frameworks @loader_path/Frameworks";
				PRODUCT_BUNDLE_IDENTIFIER = WJF.LikedTests;
				PRODUCT_NAME = "$(TARGET_NAME)";
				TEST_HOST = "$(BUILT_PRODUCTS_DIR)/Liked.app/Liked";
			};
			name = Debug;
		};
		4CC202AB1C6EAF4C0022A859 /* Release */ = {
			isa = XCBuildConfiguration;
			buildSettings = {
				BUNDLE_LOADER = "$(TEST_HOST)";
				INFOPLIST_FILE = LikedTests/Info.plist;
				LD_RUNPATH_SEARCH_PATHS = "$(inherited) @executable_path/Frameworks @loader_path/Frameworks";
				PRODUCT_BUNDLE_IDENTIFIER = WJF.LikedTests;
				PRODUCT_NAME = "$(TARGET_NAME)";
				TEST_HOST = "$(BUILT_PRODUCTS_DIR)/Liked.app/Liked";
			};
			name = Release;
		};
		4CC202AD1C6EAF4C0022A859 /* Debug */ = {
			isa = XCBuildConfiguration;
			buildSettings = {
				INFOPLIST_FILE = LikedUITests/Info.plist;
				LD_RUNPATH_SEARCH_PATHS = "$(inherited) @executable_path/Frameworks @loader_path/Frameworks";
				PRODUCT_BUNDLE_IDENTIFIER = WJF.LikedUITests;
				PRODUCT_NAME = "$(TARGET_NAME)";
				TEST_TARGET_NAME = Liked;
				USES_XCTRUNNER = YES;
			};
			name = Debug;
		};
		4CC202AE1C6EAF4C0022A859 /* Release */ = {
			isa = XCBuildConfiguration;
			buildSettings = {
				INFOPLIST_FILE = LikedUITests/Info.plist;
				LD_RUNPATH_SEARCH_PATHS = "$(inherited) @executable_path/Frameworks @loader_path/Frameworks";
				PRODUCT_BUNDLE_IDENTIFIER = WJF.LikedUITests;
				PRODUCT_NAME = "$(TARGET_NAME)";
				TEST_TARGET_NAME = Liked;
				USES_XCTRUNNER = YES;
			};
			name = Release;
		};
/* End XCBuildConfiguration section */

/* Begin XCConfigurationList section */
		4CC202741C6EAF4C0022A859 /* Build configuration list for PBXProject "Liked" */ = {
			isa = XCConfigurationList;
			buildConfigurations = (
				4CC202A41C6EAF4C0022A859 /* Debug */,
				4CC202A51C6EAF4C0022A859 /* Release */,
			);
			defaultConfigurationIsVisible = 0;
			defaultConfigurationName = Release;
		};
		4CC202A61C6EAF4C0022A859 /* Build configuration list for PBXNativeTarget "Liked" */ = {
			isa = XCConfigurationList;
			buildConfigurations = (
				4CC202A71C6EAF4C0022A859 /* Debug */,
				4CC202A81C6EAF4C0022A859 /* Release */,
			);
			defaultConfigurationIsVisible = 0;
			defaultConfigurationName = Release;
		};
		4CC202A91C6EAF4C0022A859 /* Build configuration list for PBXNativeTarget "LikedTests" */ = {
			isa = XCConfigurationList;
			buildConfigurations = (
				4CC202AA1C6EAF4C0022A859 /* Debug */,
				4CC202AB1C6EAF4C0022A859 /* Release */,
			);
			defaultConfigurationIsVisible = 0;
			defaultConfigurationName = Release;
		};
		4CC202AC1C6EAF4C0022A859 /* Build configuration list for PBXNativeTarget "LikedUITests" */ = {
			isa = XCConfigurationList;
			buildConfigurations = (
				4CC202AD1C6EAF4C0022A859 /* Debug */,
				4CC202AE1C6EAF4C0022A859 /* Release */,
			);
			defaultConfigurationIsVisible = 0;
			defaultConfigurationName = Release;
		};
/* End XCConfigurationList section */
	};
	rootObject = 4CC202711C6EAF4C0022A859 /* Project object */;
}
